// !$*UTF8*$!
{
	archiveVersion = 1;
	classes = {
	};
	objectVersion = 55;
	objects = {

/* Begin PBXBuildFile section */
		C249FA322A95FB1A0057A4B2 /* SelectInterviewDateViewController.swift in Sources */ = {isa = PBXBuildFile; fileRef = C249FA312A95FB1A0057A4B2 /* SelectInterviewDateViewController.swift */; };
		C249FA342A95FB310057A4B2 /* SelectInterviewDateViewController.storyboard in Resources */ = {isa = PBXBuildFile; fileRef = C249FA332A95FB310057A4B2 /* SelectInterviewDateViewController.storyboard */; };
		C249FA372A9627A50057A4B2 /* HomeViewController.swift in Sources */ = {isa = PBXBuildFile; fileRef = C249FA362A9627A50057A4B2 /* HomeViewController.swift */; };
		C249FA392A9627B60057A4B2 /* HomeViewController.storyboard in Resources */ = {isa = PBXBuildFile; fileRef = C249FA382A9627B60057A4B2 /* HomeViewController.storyboard */; };
		C249FA3C2A962E920057A4B2 /* PickDateTableViewCell.swift in Sources */ = {isa = PBXBuildFile; fileRef = C249FA3A2A962E920057A4B2 /* PickDateTableViewCell.swift */; };
		C249FA3D2A962E920057A4B2 /* PickDateTableViewCell.xib in Resources */ = {isa = PBXBuildFile; fileRef = C249FA3B2A962E920057A4B2 /* PickDateTableViewCell.xib */; };
		C249FA402A962F400057A4B2 /* ReservationSlot.swift in Sources */ = {isa = PBXBuildFile; fileRef = C249FA3F2A962F400057A4B2 /* ReservationSlot.swift */; };
		C2C098192A96F119007B3069 /* Constants.swift in Sources */ = {isa = PBXBuildFile; fileRef = C2C098182A96F119007B3069 /* Constants.swift */; };
		C2C0981B2A974D17007B3069 /* UIButton.swift in Sources */ = {isa = PBXBuildFile; fileRef = C2C0981A2A974D17007B3069 /* UIButton.swift */; };
		D1393F2E285ECA9C0073981D /* NotificationName.swift in Sources */ = {isa = PBXBuildFile; fileRef = D1393F2D285ECA9C0073981D /* NotificationName.swift */; };
		D1393F35285ECEB80073981D /* String.swift in Sources */ = {isa = PBXBuildFile; fileRef = D1393F34285ECEB80073981D /* String.swift */; };
		D1393F37285ED1E90073981D /* UIImageView.swift in Sources */ = {isa = PBXBuildFile; fileRef = D1393F36285ED1E90073981D /* UIImageView.swift */; };
		D1393F40285EFD9F0073981D /* UIColor.swift in Sources */ = {isa = PBXBuildFile; fileRef = D1393F3F285EFD9F0073981D /* UIColor.swift */; };
		D13FA81728581A9D0041FCD0 /* AppDelegate.swift in Sources */ = {isa = PBXBuildFile; fileRef = D13FA81628581A9D0041FCD0 /* AppDelegate.swift */; };
		D13FA81928581A9D0041FCD0 /* SceneDelegate.swift in Sources */ = {isa = PBXBuildFile; fileRef = D13FA81828581A9D0041FCD0 /* SceneDelegate.swift */; };
		D13FA81B28581A9D0041FCD0 /* ReadQRViewController.swift in Sources */ = {isa = PBXBuildFile; fileRef = D13FA81A28581A9D0041FCD0 /* ReadQRViewController.swift */; };
		D13FA81E28581A9D0041FCD0 /* MainTabBar.storyboard in Resources */ = {isa = PBXBuildFile; fileRef = D13FA81C28581A9D0041FCD0 /* MainTabBar.storyboard */; };
		D13FA82028581A9F0041FCD0 /* Assets.xcassets in Resources */ = {isa = PBXBuildFile; fileRef = D13FA81F28581A9F0041FCD0 /* Assets.xcassets */; };
		D13FA82328581A9F0041FCD0 /* LaunchScreen.storyboard in Resources */ = {isa = PBXBuildFile; fileRef = D13FA82128581A9F0041FCD0 /* LaunchScreen.storyboard */; };
		D1D8F644285DE46B00D66146 /* NSObject.swift in Sources */ = {isa = PBXBuildFile; fileRef = D1D8F643285DE46B00D66146 /* NSObject.swift */; };
		D1D8F648285DEA0000D66146 /* UIViewControllerExtension.swift in Sources */ = {isa = PBXBuildFile; fileRef = D1D8F647285DEA0000D66146 /* UIViewControllerExtension.swift */; };
		EBDEB2214A7A9A7E2C472725 /* Pods_PhotoApp.framework in Frameworks */ = {isa = PBXBuildFile; fileRef = B739303C93D23C3FBE6FF173 /* Pods_PhotoApp.framework */; };
/* End PBXBuildFile section */

/* Begin PBXFileReference section */
		78725F091182E90EB8A5B857 /* Pods-PhotoApp.release.xcconfig */ = {isa = PBXFileReference; includeInIndex = 1; lastKnownFileType = text.xcconfig; name = "Pods-PhotoApp.release.xcconfig"; path = "Target Support Files/Pods-PhotoApp/Pods-PhotoApp.release.xcconfig"; sourceTree = "<group>"; };
		B739303C93D23C3FBE6FF173 /* Pods_PhotoApp.framework */ = {isa = PBXFileReference; explicitFileType = wrapper.framework; includeInIndex = 0; path = Pods_PhotoApp.framework; sourceTree = BUILT_PRODUCTS_DIR; };
		C249FA312A95FB1A0057A4B2 /* SelectInterviewDateViewController.swift */ = {isa = PBXFileReference; lastKnownFileType = sourcecode.swift; path = SelectInterviewDateViewController.swift; sourceTree = "<group>"; };
		C249FA332A95FB310057A4B2 /* SelectInterviewDateViewController.storyboard */ = {isa = PBXFileReference; lastKnownFileType = file.storyboard; path = SelectInterviewDateViewController.storyboard; sourceTree = "<group>"; };
		C249FA362A9627A50057A4B2 /* HomeViewController.swift */ = {isa = PBXFileReference; lastKnownFileType = sourcecode.swift; path = HomeViewController.swift; sourceTree = "<group>"; };
		C249FA382A9627B60057A4B2 /* HomeViewController.storyboard */ = {isa = PBXFileReference; lastKnownFileType = file.storyboard; path = HomeViewController.storyboard; sourceTree = "<group>"; };
		C249FA3A2A962E920057A4B2 /* PickDateTableViewCell.swift */ = {isa = PBXFileReference; lastKnownFileType = sourcecode.swift; path = PickDateTableViewCell.swift; sourceTree = "<group>"; };
		C249FA3B2A962E920057A4B2 /* PickDateTableViewCell.xib */ = {isa = PBXFileReference; lastKnownFileType = file.xib; path = PickDateTableViewCell.xib; sourceTree = "<group>"; };
		C249FA3F2A962F400057A4B2 /* ReservationSlot.swift */ = {isa = PBXFileReference; lastKnownFileType = sourcecode.swift; path = ReservationSlot.swift; sourceTree = "<group>"; };
		C2C098182A96F119007B3069 /* Constants.swift */ = {isa = PBXFileReference; lastKnownFileType = sourcecode.swift; path = Constants.swift; sourceTree = "<group>"; };
		C2C0981A2A974D17007B3069 /* UIButton.swift */ = {isa = PBXFileReference; lastKnownFileType = sourcecode.swift; path = UIButton.swift; sourceTree = "<group>"; };
		D1393F2D285ECA9C0073981D /* NotificationName.swift */ = {isa = PBXFileReference; lastKnownFileType = sourcecode.swift; path = NotificationName.swift; sourceTree = "<group>"; };
		D1393F34285ECEB80073981D /* String.swift */ = {isa = PBXFileReference; fileEncoding = 4; lastKnownFileType = sourcecode.swift; path = String.swift; sourceTree = "<group>"; };
		D1393F36285ED1E90073981D /* UIImageView.swift */ = {isa = PBXFileReference; lastKnownFileType = sourcecode.swift; path = UIImageView.swift; sourceTree = "<group>"; };
		D1393F3F285EFD9F0073981D /* UIColor.swift */ = {isa = PBXFileReference; fileEncoding = 4; lastKnownFileType = sourcecode.swift; path = UIColor.swift; sourceTree = "<group>"; };
		D13FA81328581A9D0041FCD0 /* PhotoApp.app */ = {isa = PBXFileReference; explicitFileType = wrapper.application; includeInIndex = 0; path = PhotoApp.app; sourceTree = BUILT_PRODUCTS_DIR; };
		D13FA81628581A9D0041FCD0 /* AppDelegate.swift */ = {isa = PBXFileReference; lastKnownFileType = sourcecode.swift; path = AppDelegate.swift; sourceTree = "<group>"; };
		D13FA81828581A9D0041FCD0 /* SceneDelegate.swift */ = {isa = PBXFileReference; lastKnownFileType = sourcecode.swift; path = SceneDelegate.swift; sourceTree = "<group>"; };
		D13FA81A28581A9D0041FCD0 /* ReadQRViewController.swift */ = {isa = PBXFileReference; lastKnownFileType = sourcecode.swift; path = ReadQRViewController.swift; sourceTree = "<group>"; };
		D13FA81D28581A9D0041FCD0 /* Base */ = {isa = PBXFileReference; lastKnownFileType = file.storyboard; name = Base; path = Base.lproj/MainTabBar.storyboard; sourceTree = "<group>"; };
		D13FA81F28581A9F0041FCD0 /* Assets.xcassets */ = {isa = PBXFileReference; lastKnownFileType = folder.assetcatalog; path = Assets.xcassets; sourceTree = "<group>"; };
		D13FA82228581A9F0041FCD0 /* Base */ = {isa = PBXFileReference; lastKnownFileType = file.storyboard; name = Base; path = Base.lproj/LaunchScreen.storyboard; sourceTree = "<group>"; };
		D13FA82428581A9F0041FCD0 /* Info.plist */ = {isa = PBXFileReference; lastKnownFileType = text.plist.xml; path = Info.plist; sourceTree = "<group>"; };
		D1D8F643285DE46B00D66146 /* NSObject.swift */ = {isa = PBXFileReference; fileEncoding = 4; lastKnownFileType = sourcecode.swift; path = NSObject.swift; sourceTree = "<group>"; };
		D1D8F647285DEA0000D66146 /* UIViewControllerExtension.swift */ = {isa = PBXFileReference; fileEncoding = 4; lastKnownFileType = sourcecode.swift; path = UIViewControllerExtension.swift; sourceTree = "<group>"; };
		D28D7DC69BF07DD8FBDAA98C /* Pods-PhotoApp.debug.xcconfig */ = {isa = PBXFileReference; includeInIndex = 1; lastKnownFileType = text.xcconfig; name = "Pods-PhotoApp.debug.xcconfig"; path = "Target Support Files/Pods-PhotoApp/Pods-PhotoApp.debug.xcconfig"; sourceTree = "<group>"; };
/* End PBXFileReference section */

/* Begin PBXFrameworksBuildPhase section */
		D13FA81028581A9D0041FCD0 /* Frameworks */ = {
			isa = PBXFrameworksBuildPhase;
			buildActionMask = 2147483647;
			files = (
				EBDEB2214A7A9A7E2C472725 /* Pods_PhotoApp.framework in Frameworks */,
			);
			runOnlyForDeploymentPostprocessing = 0;
		};
/* End PBXFrameworksBuildPhase section */

/* Begin PBXGroup section */
		70BACF58B03E545304F79EAA /* Pods */ = {
			isa = PBXGroup;
			children = (
				D28D7DC69BF07DD8FBDAA98C /* Pods-PhotoApp.debug.xcconfig */,
				78725F091182E90EB8A5B857 /* Pods-PhotoApp.release.xcconfig */,
			);
			path = Pods;
			sourceTree = "<group>";
		};
		C249FA302A95FA9C0057A4B2 /* SelectInterviewDate */ = {
			isa = PBXGroup;
			children = (
				C249FA312A95FB1A0057A4B2 /* SelectInterviewDateViewController.swift */,
				C249FA332A95FB310057A4B2 /* SelectInterviewDateViewController.storyboard */,
				C249FA3E2A962E980057A4B2 /* PickDateCell */,
			);
			path = SelectInterviewDate;
			sourceTree = "<group>";
		};
		C249FA352A9627850057A4B2 /* Home */ = {
			isa = PBXGroup;
			children = (
				C249FA362A9627A50057A4B2 /* HomeViewController.swift */,
				C249FA382A9627B60057A4B2 /* HomeViewController.storyboard */,
			);
			path = Home;
			sourceTree = "<group>";
		};
		C249FA3E2A962E980057A4B2 /* PickDateCell */ = {
			isa = PBXGroup;
			children = (
				C249FA3A2A962E920057A4B2 /* PickDateTableViewCell.swift */,
				C249FA3B2A962E920057A4B2 /* PickDateTableViewCell.xib */,
			);
			path = PickDateCell;
			sourceTree = "<group>";
		};
		D1393F41285F07520073981D /* MainTabBar */ = {
			isa = PBXGroup;
			children = (
				D13FA81C28581A9D0041FCD0 /* MainTabBar.storyboard */,
			);
			path = MainTabBar;
			sourceTree = "<group>";
		};
		D13FA80A28581A9D0041FCD0 = {
			isa = PBXGroup;
			children = (
				D13FA81528581A9D0041FCD0 /* PhotoApp */,
				D13FA81428581A9D0041FCD0 /* Products */,
				70BACF58B03E545304F79EAA /* Pods */,
				E7BBC504BAA19210BD4ECA02 /* Frameworks */,
			);
			sourceTree = "<group>";
		};
		D13FA81428581A9D0041FCD0 /* Products */ = {
			isa = PBXGroup;
			children = (
				D13FA81328581A9D0041FCD0 /* PhotoApp.app */,
			);
			name = Products;
			sourceTree = "<group>";
		};
		D13FA81528581A9D0041FCD0 /* PhotoApp */ = {
			isa = PBXGroup;
			children = (
				D13FA81628581A9D0041FCD0 /* AppDelegate.swift */,
				D13FA81828581A9D0041FCD0 /* SceneDelegate.swift */,
				D1D8F633285DE01900D66146 /* Modules */,
				D1D8F631285DDFFA00D66146 /* Entity */,
				D1D8F641285DE3F700D66146 /* Utility */,
				D1D8F632285DE00800D66146 /* Resources */,
				D13FA82428581A9F0041FCD0 /* Info.plist */,
			);
			path = PhotoApp;
			sourceTree = "<group>";
		};
		D1D8F62F285DDFC900D66146 /* ReadQRViewController */ = {
			isa = PBXGroup;
			children = (
				C249FA302A95FA9C0057A4B2 /* SelectInterviewDate */,
				D13FA81A28581A9D0041FCD0 /* ReadQRViewController.swift */,
			);
			path = ReadQRViewController;
			sourceTree = "<group>";
		};
		D1D8F631285DDFFA00D66146 /* Entity */ = {
			isa = PBXGroup;
			children = (
				C249FA3F2A962F400057A4B2 /* ReservationSlot.swift */,
			);
			path = Entity;
			sourceTree = "<group>";
		};
		D1D8F632285DE00800D66146 /* Resources */ = {
			isa = PBXGroup;
			children = (
				D13FA81F28581A9F0041FCD0 /* Assets.xcassets */,
			);
			path = Resources;
			sourceTree = "<group>";
		};
		D1D8F633285DE01900D66146 /* Modules */ = {
			isa = PBXGroup;
			children = (
				C249FA352A9627850057A4B2 /* Home */,
				D1D8F634285DE02F00D66146 /* Launch */,
				D1393F41285F07520073981D /* MainTabBar */,
				D1D8F62F285DDFC900D66146 /* ReadQRViewController */,
			);
			path = Modules;
			sourceTree = "<group>";
		};
		D1D8F634285DE02F00D66146 /* Launch */ = {
			isa = PBXGroup;
			children = (
				D13FA82128581A9F0041FCD0 /* LaunchScreen.storyboard */,
			);
			path = Launch;
			sourceTree = "<group>";
		};
		D1D8F641285DE3F700D66146 /* Utility */ = {
			isa = PBXGroup;
			children = (
				D1D8F642285DE44900D66146 /* Extensions */,
				C2C098182A96F119007B3069 /* Constants.swift */,
			);
			path = Utility;
			sourceTree = "<group>";
		};
		D1D8F642285DE44900D66146 /* Extensions */ = {
			isa = PBXGroup;
			children = (
				D1393F3F285EFD9F0073981D /* UIColor.swift */,
				D1393F34285ECEB80073981D /* String.swift */,
				D1D8F643285DE46B00D66146 /* NSObject.swift */,
				D1D8F647285DEA0000D66146 /* UIViewControllerExtension.swift */,
				D1393F2D285ECA9C0073981D /* NotificationName.swift */,
				D1393F36285ED1E90073981D /* UIImageView.swift */,
				C2C0981A2A974D17007B3069 /* UIButton.swift */,
			);
			path = Extensions;
			sourceTree = "<group>";
		};
		E7BBC504BAA19210BD4ECA02 /* Frameworks */ = {
			isa = PBXGroup;
			children = (
				B739303C93D23C3FBE6FF173 /* Pods_PhotoApp.framework */,
			);
			name = Frameworks;
			sourceTree = "<group>";
		};
/* End PBXGroup section */

/* Begin PBXNativeTarget section */
		D13FA81228581A9D0041FCD0 /* PhotoApp */ = {
			isa = PBXNativeTarget;
			buildConfigurationList = D13FA82728581A9F0041FCD0 /* Build configuration list for PBXNativeTarget "PhotoApp" */;
			buildPhases = (
				603B4E49A0FBEF15045F849A /* [CP] Check Pods Manifest.lock */,
				D13FA80F28581A9D0041FCD0 /* Sources */,
				D13FA81028581A9D0041FCD0 /* Frameworks */,
				D13FA81128581A9D0041FCD0 /* Resources */,
				906B0205E231FDD2202A9315 /* [CP] Embed Pods Frameworks */,
			);
			buildRules = (
			);
			dependencies = (
			);
			name = PhotoApp;
			productName = PhotoApp;
			productReference = D13FA81328581A9D0041FCD0 /* PhotoApp.app */;
			productType = "com.apple.product-type.application";
		};
/* End PBXNativeTarget section */

/* Begin PBXProject section */
		D13FA80B28581A9D0041FCD0 /* Project object */ = {
			isa = PBXProject;
			attributes = {
				BuildIndependentTargetsInParallel = 1;
				LastSwiftUpdateCheck = 1320;
				LastUpgradeCheck = 1320;
				TargetAttributes = {
					D13FA81228581A9D0041FCD0 = {
						CreatedOnToolsVersion = 13.2.1;
					};
				};
			};
			buildConfigurationList = D13FA80E28581A9D0041FCD0 /* Build configuration list for PBXProject "PhotoApp" */;
			compatibilityVersion = "Xcode 13.0";
			developmentRegion = en;
			hasScannedForEncodings = 0;
			knownRegions = (
				en,
				Base,
			);
			mainGroup = D13FA80A28581A9D0041FCD0;
			productRefGroup = D13FA81428581A9D0041FCD0 /* Products */;
			projectDirPath = "";
			projectRoot = "";
			targets = (
				D13FA81228581A9D0041FCD0 /* PhotoApp */,
			);
		};
/* End PBXProject section */

/* Begin PBXResourcesBuildPhase section */
		D13FA81128581A9D0041FCD0 /* Resources */ = {
			isa = PBXResourcesBuildPhase;
			buildActionMask = 2147483647;
			files = (
				C249FA3D2A962E920057A4B2 /* PickDateTableViewCell.xib in Resources */,
				C249FA392A9627B60057A4B2 /* HomeViewController.storyboard in Resources */,
				D13FA82328581A9F0041FCD0 /* LaunchScreen.storyboard in Resources */,
				C249FA342A95FB310057A4B2 /* SelectInterviewDateViewController.storyboard in Resources */,
				D13FA82028581A9F0041FCD0 /* Assets.xcassets in Resources */,
				D13FA81E28581A9D0041FCD0 /* MainTabBar.storyboard in Resources */,
			);
			runOnlyForDeploymentPostprocessing = 0;
		};
/* End PBXResourcesBuildPhase section */

/* Begin PBXShellScriptBuildPhase section */
		603B4E49A0FBEF15045F849A /* [CP] Check Pods Manifest.lock */ = {
			isa = PBXShellScriptBuildPhase;
			buildActionMask = 2147483647;
			files = (
			);
			inputFileListPaths = (
			);
			inputPaths = (
				"${PODS_PODFILE_DIR_PATH}/Podfile.lock",
				"${PODS_ROOT}/Manifest.lock",
			);
			name = "[CP] Check Pods Manifest.lock";
			outputFileListPaths = (
			);
			outputPaths = (
				"$(DERIVED_FILE_DIR)/Pods-PhotoApp-checkManifestLockResult.txt",
			);
			runOnlyForDeploymentPostprocessing = 0;
			shellPath = /bin/sh;
			shellScript = "diff \"${PODS_PODFILE_DIR_PATH}/Podfile.lock\" \"${PODS_ROOT}/Manifest.lock\" > /dev/null\nif [ $? != 0 ] ; then\n    # print error to STDERR\n    echo \"error: The sandbox is not in sync with the Podfile.lock. Run 'pod install' or update your CocoaPods installation.\" >&2\n    exit 1\nfi\n# This output is used by Xcode 'outputs' to avoid re-running this script phase.\necho \"SUCCESS\" > \"${SCRIPT_OUTPUT_FILE_0}\"\n";
			showEnvVarsInLog = 0;
		};
		906B0205E231FDD2202A9315 /* [CP] Embed Pods Frameworks */ = {
			isa = PBXShellScriptBuildPhase;
			buildActionMask = 2147483647;
			files = (
			);
			inputFileListPaths = (
				"${PODS_ROOT}/Target Support Files/Pods-PhotoApp/Pods-PhotoApp-frameworks-${CONFIGURATION}-input-files.xcfilelist",
			);
			name = "[CP] Embed Pods Frameworks";
			outputFileListPaths = (
				"${PODS_ROOT}/Target Support Files/Pods-PhotoApp/Pods-PhotoApp-frameworks-${CONFIGURATION}-output-files.xcfilelist",
			);
			runOnlyForDeploymentPostprocessing = 0;
			shellPath = /bin/sh;
			shellScript = "\"${PODS_ROOT}/Target Support Files/Pods-PhotoApp/Pods-PhotoApp-frameworks.sh\"\n";
			showEnvVarsInLog = 0;
		};
/* End PBXShellScriptBuildPhase section */

/* Begin PBXSourcesBuildPhase section */
		D13FA80F28581A9D0041FCD0 /* Sources */ = {
			isa = PBXSourcesBuildPhase;
			buildActionMask = 2147483647;
			files = (
				D13FA81B28581A9D0041FCD0 /* ReadQRViewController.swift in Sources */,
				D1393F2E285ECA9C0073981D /* NotificationName.swift in Sources */,
				D1D8F644285DE46B00D66146 /* NSObject.swift in Sources */,
				D1393F35285ECEB80073981D /* String.swift in Sources */,
				D1393F40285EFD9F0073981D /* UIColor.swift in Sources */,
				C2C0981B2A974D17007B3069 /* UIButton.swift in Sources */,
				C249FA3C2A962E920057A4B2 /* PickDateTableViewCell.swift in Sources */,
				C2C098192A96F119007B3069 /* Constants.swift in Sources */,
				D13FA81728581A9D0041FCD0 /* AppDelegate.swift in Sources */,
				C249FA322A95FB1A0057A4B2 /* SelectInterviewDateViewController.swift in Sources */,
				D13FA81928581A9D0041FCD0 /* SceneDelegate.swift in Sources */,
				D1D8F648285DEA0000D66146 /* UIViewControllerExtension.swift in Sources */,
				C249FA372A9627A50057A4B2 /* HomeViewController.swift in Sources */,
				D1393F37285ED1E90073981D /* UIImageView.swift in Sources */,
				C249FA402A962F400057A4B2 /* ReservationSlot.swift in Sources */,
			);
			runOnlyForDeploymentPostprocessing = 0;
		};
/* End PBXSourcesBuildPhase section */

/* Begin PBXVariantGroup section */
		D13FA81C28581A9D0041FCD0 /* MainTabBar.storyboard */ = {
			isa = PBXVariantGroup;
			children = (
				D13FA81D28581A9D0041FCD0 /* Base */,
			);
			name = MainTabBar.storyboard;
			sourceTree = "<group>";
		};
		D13FA82128581A9F0041FCD0 /* LaunchScreen.storyboard */ = {
			isa = PBXVariantGroup;
			children = (
				D13FA82228581A9F0041FCD0 /* Base */,
			);
			name = LaunchScreen.storyboard;
			sourceTree = "<group>";
		};
/* End PBXVariantGroup section */

/* Begin XCBuildConfiguration section */
		D13FA82528581A9F0041FCD0 /* Debug */ = {
			isa = XCBuildConfiguration;
			buildSettings = {
				ALWAYS_SEARCH_USER_PATHS = NO;
				CLANG_ANALYZER_NONNULL = YES;
				CLANG_ANALYZER_NUMBER_OBJECT_CONVERSION = YES_AGGRESSIVE;
				CLANG_CXX_LANGUAGE_STANDARD = "gnu++17";
				CLANG_CXX_LIBRARY = "libc++";
				CLANG_ENABLE_MODULES = YES;
				CLANG_ENABLE_OBJC_ARC = YES;
				CLANG_ENABLE_OBJC_WEAK = YES;
				CLANG_WARN_BLOCK_CAPTURE_AUTORELEASING = YES;
				CLANG_WARN_BOOL_CONVERSION = YES;
				CLANG_WARN_COMMA = YES;
				CLANG_WARN_CONSTANT_CONVERSION = YES;
				CLANG_WARN_DEPRECATED_OBJC_IMPLEMENTATIONS = YES;
				CLANG_WARN_DIRECT_OBJC_ISA_USAGE = YES_ERROR;
				CLANG_WARN_DOCUMENTATION_COMMENTS = YES;
				CLANG_WARN_EMPTY_BODY = YES;
				CLANG_WARN_ENUM_CONVERSION = YES;
				CLANG_WARN_INFINITE_RECURSION = YES;
				CLANG_WARN_INT_CONVERSION = YES;
				CLANG_WARN_NON_LITERAL_NULL_CONVERSION = YES;
				CLANG_WARN_OBJC_IMPLICIT_RETAIN_SELF = YES;
				CLANG_WARN_OBJC_LITERAL_CONVERSION = YES;
				CLANG_WARN_OBJC_ROOT_CLASS = YES_ERROR;
				CLANG_WARN_QUOTED_INCLUDE_IN_FRAMEWORK_HEADER = YES;
				CLANG_WARN_RANGE_LOOP_ANALYSIS = YES;
				CLANG_WARN_STRICT_PROTOTYPES = YES;
				CLANG_WARN_SUSPICIOUS_MOVE = YES;
				CLANG_WARN_UNGUARDED_AVAILABILITY = YES_AGGRESSIVE;
				CLANG_WARN_UNREACHABLE_CODE = YES;
				CLANG_WARN__DUPLICATE_METHOD_MATCH = YES;
				COPY_PHASE_STRIP = NO;
				DEBUG_INFORMATION_FORMAT = dwarf;
				ENABLE_STRICT_OBJC_MSGSEND = YES;
				ENABLE_TESTABILITY = YES;
				GCC_C_LANGUAGE_STANDARD = gnu11;
				GCC_DYNAMIC_NO_PIC = NO;
				GCC_NO_COMMON_BLOCKS = YES;
				GCC_OPTIMIZATION_LEVEL = 0;
				GCC_PREPROCESSOR_DEFINITIONS = (
					"DEBUG=1",
					"$(inherited)",
				);
				GCC_WARN_64_TO_32_BIT_CONVERSION = YES;
				GCC_WARN_ABOUT_RETURN_TYPE = YES_ERROR;
				GCC_WARN_UNDECLARED_SELECTOR = YES;
				GCC_WARN_UNINITIALIZED_AUTOS = YES_AGGRESSIVE;
				GCC_WARN_UNUSED_FUNCTION = YES;
				GCC_WARN_UNUSED_VARIABLE = YES;
				IPHONEOS_DEPLOYMENT_TARGET = 15.2;
				MTL_ENABLE_DEBUG_INFO = INCLUDE_SOURCE;
				MTL_FAST_MATH = YES;
				ONLY_ACTIVE_ARCH = YES;
				SDKROOT = iphoneos;
				SWIFT_ACTIVE_COMPILATION_CONDITIONS = DEBUG;
				SWIFT_OPTIMIZATION_LEVEL = "-Onone";
			};
			name = Debug;
		};
		D13FA82628581A9F0041FCD0 /* Release */ = {
			isa = XCBuildConfiguration;
			buildSettings = {
				ALWAYS_SEARCH_USER_PATHS = NO;
				CLANG_ANALYZER_NONNULL = YES;
				CLANG_ANALYZER_NUMBER_OBJECT_CONVERSION = YES_AGGRESSIVE;
				CLANG_CXX_LANGUAGE_STANDARD = "gnu++17";
				CLANG_CXX_LIBRARY = "libc++";
				CLANG_ENABLE_MODULES = YES;
				CLANG_ENABLE_OBJC_ARC = YES;
				CLANG_ENABLE_OBJC_WEAK = YES;
				CLANG_WARN_BLOCK_CAPTURE_AUTORELEASING = YES;
				CLANG_WARN_BOOL_CONVERSION = YES;
				CLANG_WARN_COMMA = YES;
				CLANG_WARN_CONSTANT_CONVERSION = YES;
				CLANG_WARN_DEPRECATED_OBJC_IMPLEMENTATIONS = YES;
				CLANG_WARN_DIRECT_OBJC_ISA_USAGE = YES_ERROR;
				CLANG_WARN_DOCUMENTATION_COMMENTS = YES;
				CLANG_WARN_EMPTY_BODY = YES;
				CLANG_WARN_ENUM_CONVERSION = YES;
				CLANG_WARN_INFINITE_RECURSION = YES;
				CLANG_WARN_INT_CONVERSION = YES;
				CLANG_WARN_NON_LITERAL_NULL_CONVERSION = YES;
				CLANG_WARN_OBJC_IMPLICIT_RETAIN_SELF = YES;
				CLANG_WARN_OBJC_LITERAL_CONVERSION = YES;
				CLANG_WARN_OBJC_ROOT_CLASS = YES_ERROR;
				CLANG_WARN_QUOTED_INCLUDE_IN_FRAMEWORK_HEADER = YES;
				CLANG_WARN_RANGE_LOOP_ANALYSIS = YES;
				CLANG_WARN_STRICT_PROTOTYPES = YES;
				CLANG_WARN_SUSPICIOUS_MOVE = YES;
				CLANG_WARN_UNGUARDED_AVAILABILITY = YES_AGGRESSIVE;
				CLANG_WARN_UNREACHABLE_CODE = YES;
				CLANG_WARN__DUPLICATE_METHOD_MATCH = YES;
				COPY_PHASE_STRIP = NO;
				DEBUG_INFORMATION_FORMAT = "dwarf-with-dsym";
				ENABLE_NS_ASSERTIONS = NO;
				ENABLE_STRICT_OBJC_MSGSEND = YES;
				GCC_C_LANGUAGE_STANDARD = gnu11;
				GCC_NO_COMMON_BLOCKS = YES;
				GCC_WARN_64_TO_32_BIT_CONVERSION = YES;
				GCC_WARN_ABOUT_RETURN_TYPE = YES_ERROR;
				GCC_WARN_UNDECLARED_SELECTOR = YES;
				GCC_WARN_UNINITIALIZED_AUTOS = YES_AGGRESSIVE;
				GCC_WARN_UNUSED_FUNCTION = YES;
				GCC_WARN_UNUSED_VARIABLE = YES;
				IPHONEOS_DEPLOYMENT_TARGET = 15.2;
				MTL_ENABLE_DEBUG_INFO = NO;
				MTL_FAST_MATH = YES;
				SDKROOT = iphoneos;
				SWIFT_COMPILATION_MODE = wholemodule;
				SWIFT_OPTIMIZATION_LEVEL = "-O";
				VALIDATE_PRODUCT = YES;
			};
			name = Release;
		};
		D13FA82828581A9F0041FCD0 /* Debug */ = {
			isa = XCBuildConfiguration;
			baseConfigurationReference = D28D7DC69BF07DD8FBDAA98C /* Pods-PhotoApp.debug.xcconfig */;
			buildSettings = {
				ASSETCATALOG_COMPILER_APPICON_NAME = AppIcon;
				ASSETCATALOG_COMPILER_GLOBAL_ACCENT_COLOR_NAME = AccentColor;
				CODE_SIGN_STYLE = Automatic;
				CURRENT_PROJECT_VERSION = 1;
				DEVELOPMENT_TEAM = HDB7A739SH;
				GENERATE_INFOPLIST_FILE = YES;
				INFOPLIST_FILE = PhotoApp/Info.plist;
				INFOPLIST_KEY_CFBundleDisplayName = "処方箋アプリ";
				INFOPLIST_KEY_UIApplicationSupportsIndirectInputEvents = YES;
				INFOPLIST_KEY_UILaunchStoryboardName = LaunchScreen;
				INFOPLIST_KEY_UIMainStoryboardFile = MainTabBar;
				INFOPLIST_KEY_UISupportedInterfaceOrientations_iPad = "UIInterfaceOrientationPortrait UIInterfaceOrientationPortraitUpsideDown UIInterfaceOrientationLandscapeLeft UIInterfaceOrientationLandscapeRight";
				INFOPLIST_KEY_UISupportedInterfaceOrientations_iPhone = "UIInterfaceOrientationPortrait UIInterfaceOrientationLandscapeLeft UIInterfaceOrientationLandscapeRight";
				INFOPLIST_KEY_UIUserInterfaceStyle = Light;
				LD_RUNPATH_SEARCH_PATHS = (
					"$(inherited)",
					"@executable_path/Frameworks",
				);
				MARKETING_VERSION = 1.0;
				PRODUCT_BUNDLE_IDENTIFIER = com.google.PhotoApp0619;
				PRODUCT_NAME = "$(TARGET_NAME)";
				SWIFT_EMIT_LOC_STRINGS = YES;
				SWIFT_VERSION = 5.0;
				TARGETED_DEVICE_FAMILY = 1;
			};
			name = Debug;
		};
		D13FA82928581A9F0041FCD0 /* Release */ = {
			isa = XCBuildConfiguration;
			baseConfigurationReference = 78725F091182E90EB8A5B857 /* Pods-PhotoApp.release.xcconfig */;
			buildSettings = {
				ASSETCATALOG_COMPILER_APPICON_NAME = AppIcon;
				ASSETCATALOG_COMPILER_GLOBAL_ACCENT_COLOR_NAME = AccentColor;
				CODE_SIGN_STYLE = Automatic;
				CURRENT_PROJECT_VERSION = 1;
				DEVELOPMENT_TEAM = HDB7A739SH;
				GENERATE_INFOPLIST_FILE = YES;
				INFOPLIST_FILE = PhotoApp/Info.plist;
				INFOPLIST_KEY_CFBundleDisplayName = "処方箋アプリ";
				INFOPLIST_KEY_UIApplicationSupportsIndirectInputEvents = YES;
				INFOPLIST_KEY_UILaunchStoryboardName = LaunchScreen;
				INFOPLIST_KEY_UIMainStoryboardFile = MainTabBar;
				INFOPLIST_KEY_UISupportedInterfaceOrientations_iPad = "UIInterfaceOrientationPortrait UIInterfaceOrientationPortraitUpsideDown UIInterfaceOrientationLandscapeLeft UIInterfaceOrientationLandscapeRight";
				INFOPLIST_KEY_UISupportedInterfaceOrientations_iPhone = "UIInterfaceOrientationPortrait UIInterfaceOrientationLandscapeLeft UIInterfaceOrientationLandscapeRight";
				INFOPLIST_KEY_UIUserInterfaceStyle = Light;
				LD_RUNPATH_SEARCH_PATHS = (
					"$(inherited)",
					"@executable_path/Frameworks",
				);
				MARKETING_VERSION = 1.0;
				PRODUCT_BUNDLE_IDENTIFIER = com.google.PhotoApp0619;
				PRODUCT_NAME = "$(TARGET_NAME)";
				SWIFT_EMIT_LOC_STRINGS = YES;
				SWIFT_VERSION = 5.0;
				TARGETED_DEVICE_FAMILY = 1;
			};
			name = Release;
		};
/* End XCBuildConfiguration section */

/* Begin XCConfigurationList section */
		D13FA80E28581A9D0041FCD0 /* Build configuration list for PBXProject "PhotoApp" */ = {
			isa = XCConfigurationList;
			buildConfigurations = (
				D13FA82528581A9F0041FCD0 /* Debug */,
				D13FA82628581A9F0041FCD0 /* Release */,
			);
			defaultConfigurationIsVisible = 0;
			defaultConfigurationName = Release;
		};
		D13FA82728581A9F0041FCD0 /* Build configuration list for PBXNativeTarget "PhotoApp" */ = {
			isa = XCConfigurationList;
			buildConfigurations = (
				D13FA82828581A9F0041FCD0 /* Debug */,
				D13FA82928581A9F0041FCD0 /* Release */,
			);
			defaultConfigurationIsVisible = 0;
			defaultConfigurationName = Release;
		};
/* End XCConfigurationList section */
	};
	rootObject = D13FA80B28581A9D0041FCD0 /* Project object */;
}
